{
  "name": "@agama/uuid",
  "version": "0.1.0",
  "lockfileVersion": 1,
  "dependencies": {
    "@agama/platform": {
      "version": "0.1.1",
      "resolved": "https://registry.npmjs.org/@agama/platform/-/platform-0.1.1.tgz",
      "integrity": "sha512-CwljOGjNbq8VVPUO9XISflKKyKy7skgftyyW5Tz8jnSiIqM39rRlLfze0LX79QnNOWC1mERdka/TPzX6xdzRFw=="
    },
    "@types/node": {
      "version": "8.0.1",
      "resolved": "https://registry.npmjs.org/@types/node/-/node-8.0.1.tgz",
      "integrity": "sha512-bys2VRs6H7HP8S26aHgPWSiSX7q81TToe5HSSvl5bQjoSElQ2SwbGw2p6/DSDb7Vr0oKhewFao9ZuTn8DSag9Q==",
      "dev": true
    },
    "typescript": {
      "version": "2.3.4",
      "resolved": "https://registry.npmjs.org/typescript/-/typescript-2.3.4.tgz",
      "integrity": "sha1-PTgyGCgjHkNPKHUUlZw3qCtin0I=",
      "dev": true
    }
  }
}
