{
  "name": "@agama/uuid",
  "version": "0.1.0",
  "lockfileVersion": 1,
  "dependencies": {
    "@agama/platform": {
      "version": "0.1.1",
      "resolved": "https://registry.npmjs.org/@agama/platform/-/platform-0.1.1.tgz",
      "integrity": "sha512-CwljOGjNbq8VVPUO9XISflKKyKy7skgftyyW5Tz8jnSiIqM39rRlLfze0LX79QnNOWC1mERdka/TPzX6xdzRFw=="
    },
    "@types/node": {
      "version": "7.0.32",
      "resolved": "https://registry.npmjs.org/@types/node/-/node-7.0.32.tgz",
      "integrity": "sha512-7+0Ai8r8Xt6NNVM0Eo+XSqiZsBUYXg2yrCwyBhQzSfFHTGQWzFv/pk9106vPR8HWjKmGK+zzUj244POs4xfO2g=="
    },
    "typescript": {
      "version": "2.3.4",
      "resolved": "https://registry.npmjs.org/typescript/-/typescript-2.3.4.tgz",
      "integrity": "sha1-PTgyGCgjHkNPKHUUlZw3qCtin0I=",
      "dev": true
    }
  }
}
